// !$*UTF8*$!
{
	archiveVersion = 1;
	classes = {
	};
	objectVersion = 46;
	objects = {

/* Begin PBXBuildFile section */
		30D371CD18051C2D0085D34C /* music.png in Resources */ = {isa = PBXBuildFile; fileRef = 30D371C918051C2D0085D34C /* music.png */; };
		30D371CE18051C2D0085D34C /* music@2x.png in Resources */ = {isa = PBXBuildFile; fileRef = 30D371CA18051C2D0085D34C /* music@2x.png */; };
		30D371CF18051C2D0085D34C /* play-alt.png in Resources */ = {isa = PBXBuildFile; fileRef = 30D371CB18051C2D0085D34C /* play-alt.png */; };
		30D371D018051C2D0085D34C /* play-alt@2x.png in Resources */ = {isa = PBXBuildFile; fileRef = 30D371CC18051C2D0085D34C /* play-alt@2x.png */; };
		30D371D3180524420085D34C /* DXPlaylistController.m in Sources */ = {isa = PBXBuildFile; fileRef = 30D371D2180524420085D34C /* DXPlaylistController.m */; };
		30D371D6180633ED0085D34C /* AVFoundation.framework in Frameworks */ = {isa = PBXBuildFile; fileRef = 30D371D5180633ED0085D34C /* AVFoundation.framework */; };
		30D371DF18092EC90085D34C /* Default.png in Resources */ = {isa = PBXBuildFile; fileRef = 30D371DD18092EC90085D34C /* Default.png */; };
		30D371E218092FAC0085D34C /* Default@2x.png in Resources */ = {isa = PBXBuildFile; fileRef = 30D371E118092FAC0085D34C /* Default@2x.png */; };
		30D371E61809CB290085D34C /* DXMediaLibrary.m in Sources */ = {isa = PBXBuildFile; fileRef = 30D371E51809CB290085D34C /* DXMediaLibrary.m */; };
		3D19F8C317F2324700996699 /* SongView.m in Sources */ = {isa = PBXBuildFile; fileRef = 3D19F8C217F2324700996699 /* SongView.m */; };
		3D4404D717FF7B4F00C419EF /* DXMediaPlayer.m in Sources */ = {isa = PBXBuildFile; fileRef = 3D4404D617FF7B4F00C419EF /* DXMediaPlayer.m */; };
		3D9E1E3F17ECBEA4000A372F /* AlbumViewController.m in Sources */ = {isa = PBXBuildFile; fileRef = 3D9E1E3E17ECBEA4000A372F /* AlbumViewController.m */; };
		3D9E1E4217ECE73D000A372F /* DXDataManager.m in Sources */ = {isa = PBXBuildFile; fileRef = 3D9E1E4117ECE73D000A372F /* DXDataManager.m */; };
		3DAB205417CBFB2500754A56 /* UIKit.framework in Frameworks */ = {isa = PBXBuildFile; fileRef = 3DAB205317CBFB2500754A56 /* UIKit.framework */; };
		3DAB205617CBFB2500754A56 /* Foundation.framework in Frameworks */ = {isa = PBXBuildFile; fileRef = 3DAB205517CBFB2500754A56 /* Foundation.framework */; };
		3DAB205817CBFB2500754A56 /* CoreGraphics.framework in Frameworks */ = {isa = PBXBuildFile; fileRef = 3DAB205717CBFB2500754A56 /* CoreGraphics.framework */; };
		3DAB205E17CBFB2500754A56 /* InfoPlist.strings in Resources */ = {isa = PBXBuildFile; fileRef = 3DAB205C17CBFB2500754A56 /* InfoPlist.strings */; };
		3DAB206017CBFB2500754A56 /* main.m in Sources */ = {isa = PBXBuildFile; fileRef = 3DAB205F17CBFB2500754A56 /* main.m */; };
		3DAB206417CBFB2500754A56 /* DXMPAppDelegate.m in Sources */ = {isa = PBXBuildFile; fileRef = 3DAB206317CBFB2500754A56 /* DXMPAppDelegate.m */; };
		3DAB206617CBFB2500754A56 /* Default.png in Resources */ = {isa = PBXBuildFile; fileRef = 3DAB206517CBFB2500754A56 /* Default.png */; };
		3DAB206817CBFB2500754A56 /* Default@2x.png in Resources */ = {isa = PBXBuildFile; fileRef = 3DAB206717CBFB2500754A56 /* Default@2x.png */; };
		3DAB206A17CBFB2500754A56 /* Default-568h@2x.png in Resources */ = {isa = PBXBuildFile; fileRef = 3DAB206917CBFB2500754A56 /* Default-568h@2x.png */; };
		3DAB206D17CBFB2500754A56 /* MainStoryboard.storyboard in Resources */ = {isa = PBXBuildFile; fileRef = 3DAB206B17CBFB2500754A56 /* MainStoryboard.storyboard */; };
		3DAB207717CBFB2500754A56 /* NowPlayingViewController.m in Sources */ = {isa = PBXBuildFile; fileRef = 3DAB207617CBFB2500754A56 /* NowPlayingViewController.m */; };
		3DAB208417CBFB6B00754A56 /* DXContent.m in Sources */ = {isa = PBXBuildFile; fileRef = 3DAB208317CBFB6B00754A56 /* DXContent.m */; };
		3DAB208717CC077700754A56 /* DXSong.m in Sources */ = {isa = PBXBuildFile; fileRef = 3DAB208617CC077700754A56 /* DXSong.m */; };
		3DAB208A17CC079000754A56 /* DXAlbum.m in Sources */ = {isa = PBXBuildFile; fileRef = 3DAB208917CC079000754A56 /* DXAlbum.m */; };
/* End PBXBuildFile section */

/* Begin PBXFileReference section */
		30D371C918051C2D0085D34C /* music.png */ = {isa = PBXFileReference; lastKnownFileType = image.png; name = music.png; path = assets/music.png; sourceTree = "<group>"; };
		30D371CA18051C2D0085D34C /* music@2x.png */ = {isa = PBXFileReference; lastKnownFileType = image.png; name = "music@2x.png"; path = "assets/music@2x.png"; sourceTree = "<group>"; };
		30D371CB18051C2D0085D34C /* play-alt.png */ = {isa = PBXFileReference; lastKnownFileType = image.png; name = "play-alt.png"; path = "assets/play-alt.png"; sourceTree = "<group>"; };
		30D371CC18051C2D0085D34C /* play-alt@2x.png */ = {isa = PBXFileReference; lastKnownFileType = image.png; name = "play-alt@2x.png"; path = "assets/play-alt@2x.png"; sourceTree = "<group>"; };
		30D371D1180524420085D34C /* DXPlaylistController.h */ = {isa = PBXFileReference; fileEncoding = 4; lastKnownFileType = sourcecode.c.h; name = DXPlaylistController.h; path = lib/DXPlaylistController.h; sourceTree = "<group>"; };
		30D371D2180524420085D34C /* DXPlaylistController.m */ = {isa = PBXFileReference; fileEncoding = 4; lastKnownFileType = sourcecode.c.objc; name = DXPlaylistController.m; path = lib/DXPlaylistController.m; sourceTree = "<group>"; };
		30D371D4180530570085D34C /* DXPlaylistDelegate.h */ = {isa = PBXFileReference; lastKnownFileType = sourcecode.c.h; name = DXPlaylistDelegate.h; path = lib/DXPlaylistDelegate.h; sourceTree = "<group>"; };
		30D371D5180633ED0085D34C /* AVFoundation.framework */ = {isa = PBXFileReference; lastKnownFileType = wrapper.framework; name = AVFoundation.framework; path = System/Library/Frameworks/AVFoundation.framework; sourceTree = SDKROOT; };
		30D371DD18092EC90085D34C /* Default.png */ = {isa = PBXFileReference; lastKnownFileType = image.png; name = Default.png; path = assets/Default.png; sourceTree = "<group>"; };
		30D371E118092FAC0085D34C /* Default@2x.png */ = {isa = PBXFileReference; lastKnownFileType = image.png; name = "Default@2x.png"; path = "assets/Default@2x.png"; sourceTree = "<group>"; };
		30D371E31809B1340085D34C /* DXMediaPlayerDelegate.h */ = {isa = PBXFileReference; lastKnownFileType = sourcecode.c.h; name = DXMediaPlayerDelegate.h; path = lib/DXMediaPlayerDelegate.h; sourceTree = "<group>"; };
		30D371E41809CB290085D34C /* DXMediaLibrary.h */ = {isa = PBXFileReference; fileEncoding = 4; lastKnownFileType = sourcecode.c.h; name = DXMediaLibrary.h; path = lib/DXMediaLibrary.h; sourceTree = "<group>"; };
		30D371E51809CB290085D34C /* DXMediaLibrary.m */ = {isa = PBXFileReference; fileEncoding = 4; lastKnownFileType = sourcecode.c.objc; name = DXMediaLibrary.m; path = lib/DXMediaLibrary.m; sourceTree = "<group>"; };
		3D19F8C117F2324700996699 /* SongView.h */ = {isa = PBXFileReference; fileEncoding = 4; lastKnownFileType = sourcecode.c.h; path = SongView.h; sourceTree = "<group>"; };
		3D19F8C217F2324700996699 /* SongView.m */ = {isa = PBXFileReference; fileEncoding = 4; lastKnownFileType = sourcecode.c.objc; path = SongView.m; sourceTree = "<group>"; };
		3D4404D517FF7B4F00C419EF /* DXMediaPlayer.h */ = {isa = PBXFileReference; fileEncoding = 4; lastKnownFileType = sourcecode.c.h; name = DXMediaPlayer.h; path = lib/DXMediaPlayer.h; sourceTree = "<group>"; };
		3D4404D617FF7B4F00C419EF /* DXMediaPlayer.m */ = {isa = PBXFileReference; fileEncoding = 4; lastKnownFileType = sourcecode.c.objc; name = DXMediaPlayer.m; path = lib/DXMediaPlayer.m; sourceTree = "<group>"; };
		3D9E1E3D17ECBEA4000A372F /* AlbumViewController.h */ = {isa = PBXFileReference; fileEncoding = 4; lastKnownFileType = sourcecode.c.h; path = AlbumViewController.h; sourceTree = "<group>"; };
		3D9E1E3E17ECBEA4000A372F /* AlbumViewController.m */ = {isa = PBXFileReference; fileEncoding = 4; lastKnownFileType = sourcecode.c.objc; path = AlbumViewController.m; sourceTree = "<group>"; };
		3D9E1E4017ECE73D000A372F /* DXDataManager.h */ = {isa = PBXFileReference; fileEncoding = 4; lastKnownFileType = sourcecode.c.h; name = DXDataManager.h; path = lib/DXDataManager.h; sourceTree = "<group>"; };
		3D9E1E4117ECE73D000A372F /* DXDataManager.m */ = {isa = PBXFileReference; fileEncoding = 4; lastKnownFileType = sourcecode.c.objc; name = DXDataManager.m; path = lib/DXDataManager.m; sourceTree = "<group>"; };
		3DAB204F17CBFB2500754A56 /* dxMusicPlayer.app */ = {isa = PBXFileReference; explicitFileType = wrapper.application; includeInIndex = 0; path = dxMusicPlayer.app; sourceTree = BUILT_PRODUCTS_DIR; };
		3DAB205317CBFB2500754A56 /* UIKit.framework */ = {isa = PBXFileReference; lastKnownFileType = wrapper.framework; name = UIKit.framework; path = System/Library/Frameworks/UIKit.framework; sourceTree = SDKROOT; };
		3DAB205517CBFB2500754A56 /* Foundation.framework */ = {isa = PBXFileReference; lastKnownFileType = wrapper.framework; name = Foundation.framework; path = System/Library/Frameworks/Foundation.framework; sourceTree = SDKROOT; };
		3DAB205717CBFB2500754A56 /* CoreGraphics.framework */ = {isa = PBXFileReference; lastKnownFileType = wrapper.framework; name = CoreGraphics.framework; path = System/Library/Frameworks/CoreGraphics.framework; sourceTree = SDKROOT; };
		3DAB205B17CBFB2500754A56 /* dxMusicPlayer-Info.plist */ = {isa = PBXFileReference; lastKnownFileType = text.plist.xml; path = "dxMusicPlayer-Info.plist"; sourceTree = "<group>"; };
		3DAB205D17CBFB2500754A56 /* en */ = {isa = PBXFileReference; lastKnownFileType = text.plist.strings; name = en; path = en.lproj/InfoPlist.strings; sourceTree = "<group>"; };
		3DAB205F17CBFB2500754A56 /* main.m */ = {isa = PBXFileReference; lastKnownFileType = sourcecode.c.objc; path = main.m; sourceTree = "<group>"; };
		3DAB206117CBFB2500754A56 /* dxMusicPlayer-Prefix.pch */ = {isa = PBXFileReference; lastKnownFileType = sourcecode.c.h; path = "dxMusicPlayer-Prefix.pch"; sourceTree = "<group>"; };
		3DAB206217CBFB2500754A56 /* DXMPAppDelegate.h */ = {isa = PBXFileReference; lastKnownFileType = sourcecode.c.h; path = DXMPAppDelegate.h; sourceTree = "<group>"; };
		3DAB206317CBFB2500754A56 /* DXMPAppDelegate.m */ = {isa = PBXFileReference; lastKnownFileType = sourcecode.c.objc; path = DXMPAppDelegate.m; sourceTree = "<group>"; };
		3DAB206517CBFB2500754A56 /* Default.png */ = {isa = PBXFileReference; lastKnownFileType = image.png; path = Default.png; sourceTree = "<group>"; };
		3DAB206717CBFB2500754A56 /* Default@2x.png */ = {isa = PBXFileReference; lastKnownFileType = image.png; path = "Default@2x.png"; sourceTree = "<group>"; };
		3DAB206917CBFB2500754A56 /* Default-568h@2x.png */ = {isa = PBXFileReference; lastKnownFileType = image.png; path = "Default-568h@2x.png"; sourceTree = "<group>"; };
		3DAB206C17CBFB2500754A56 /* en */ = {isa = PBXFileReference; lastKnownFileType = file.storyboard; name = en; path = en.lproj/MainStoryboard.storyboard; sourceTree = "<group>"; };
		3DAB207517CBFB2500754A56 /* NowPlayingViewController.h */ = {isa = PBXFileReference; lastKnownFileType = sourcecode.c.h; path = NowPlayingViewController.h; sourceTree = "<group>"; };
		3DAB207617CBFB2500754A56 /* NowPlayingViewController.m */ = {isa = PBXFileReference; lastKnownFileType = sourcecode.c.objc; path = NowPlayingViewController.m; sourceTree = "<group>"; };
		3DAB208217CBFB6B00754A56 /* DXContent.h */ = {isa = PBXFileReference; fileEncoding = 4; lastKnownFileType = sourcecode.c.h; name = DXContent.h; path = model/DXContent.h; sourceTree = "<group>"; };
		3DAB208317CBFB6B00754A56 /* DXContent.m */ = {isa = PBXFileReference; fileEncoding = 4; lastKnownFileType = sourcecode.c.objc; name = DXContent.m; path = model/DXContent.m; sourceTree = "<group>"; };
		3DAB208517CC077700754A56 /* DXSong.h */ = {isa = PBXFileReference; fileEncoding = 4; lastKnownFileType = sourcecode.c.h; name = DXSong.h; path = model/DXSong.h; sourceTree = "<group>"; };
		3DAB208617CC077700754A56 /* DXSong.m */ = {isa = PBXFileReference; fileEncoding = 4; lastKnownFileType = sourcecode.c.objc; name = DXSong.m; path = model/DXSong.m; sourceTree = "<group>"; };
		3DAB208817CC079000754A56 /* DXAlbum.h */ = {isa = PBXFileReference; fileEncoding = 4; lastKnownFileType = sourcecode.c.h; name = DXAlbum.h; path = model/DXAlbum.h; sourceTree = "<group>"; };
		3DAB208917CC079000754A56 /* DXAlbum.m */ = {isa = PBXFileReference; fileEncoding = 4; lastKnownFileType = sourcecode.c.objc; name = DXAlbum.m; path = model/DXAlbum.m; sourceTree = "<group>"; };
/* End PBXFileReference section */

/* Begin PBXFrameworksBuildPhase section */
		3DAB204C17CBFB2500754A56 /* Frameworks */ = {
			isa = PBXFrameworksBuildPhase;
			buildActionMask = 2147483647;
			files = (
				30D371D6180633ED0085D34C /* AVFoundation.framework in Frameworks */,
				3DAB205417CBFB2500754A56 /* UIKit.framework in Frameworks */,
				3DAB205617CBFB2500754A56 /* Foundation.framework in Frameworks */,
				3DAB205817CBFB2500754A56 /* CoreGraphics.framework in Frameworks */,
			);
			runOnlyForDeploymentPostprocessing = 0;
		};
/* End PBXFrameworksBuildPhase section */

/* Begin PBXGroup section */
		30D371C818051C230085D34C /* assets */ = {
			isa = PBXGroup;
			children = (
				30D371E118092FAC0085D34C /* Default@2x.png */,
				30D371DD18092EC90085D34C /* Default.png */,
				30D371C918051C2D0085D34C /* music.png */,
				30D371CA18051C2D0085D34C /* music@2x.png */,
				30D371CB18051C2D0085D34C /* play-alt.png */,
				30D371CC18051C2D0085D34C /* play-alt@2x.png */,
			);
			name = assets;
			sourceTree = "<group>";
		};
		3D9E1E4317ECE784000A372F /* lib */ = {
			isa = PBXGroup;
			children = (
				30D371D1180524420085D34C /* DXPlaylistController.h */,
				30D371D2180524420085D34C /* DXPlaylistController.m */,
				3D9E1E4017ECE73D000A372F /* DXDataManager.h */,
				3D9E1E4117ECE73D000A372F /* DXDataManager.m */,
				3D4404D517FF7B4F00C419EF /* DXMediaPlayer.h */,
				3D4404D617FF7B4F00C419EF /* DXMediaPlayer.m */,
				30D371D4180530570085D34C /* DXPlaylistDelegate.h */,
				30D371E31809B1340085D34C /* DXMediaPlayerDelegate.h */,
				30D371E41809CB290085D34C /* DXMediaLibrary.h */,
				30D371E51809CB290085D34C /* DXMediaLibrary.m */,
			);
			name = lib;
			sourceTree = "<group>";
		};
		3DAB204417CBFB2500754A56 = {
			isa = PBXGroup;
			children = (
				3DAB205917CBFB2500754A56 /* dxMusicPlayer */,
				3DAB205217CBFB2500754A56 /* Frameworks */,
				3DAB205017CBFB2500754A56 /* Products */,
			);
			sourceTree = "<group>";
		};
		3DAB205017CBFB2500754A56 /* Products */ = {
			isa = PBXGroup;
			children = (
				3DAB204F17CBFB2500754A56 /* dxMusicPlayer.app */,
			);
			name = Products;
			sourceTree = "<group>";
		};
		3DAB205217CBFB2500754A56 /* Frameworks */ = {
			isa = PBXGroup;
			children = (
				30D371D5180633ED0085D34C /* AVFoundation.framework */,
				3DAB205317CBFB2500754A56 /* UIKit.framework */,
				3DAB205517CBFB2500754A56 /* Foundation.framework */,
				3DAB205717CBFB2500754A56 /* CoreGraphics.framework */,
			);
			name = Frameworks;
			sourceTree = "<group>";
		};
		3DAB205917CBFB2500754A56 /* dxMusicPlayer */ = {
			isa = PBXGroup;
			children = (
				30D371C818051C230085D34C /* assets */,
				3D9E1E4317ECE784000A372F /* lib */,
				3DAB208117CBFB5300754A56 /* model */,
				3DAB206217CBFB2500754A56 /* DXMPAppDelegate.h */,
				3DAB206317CBFB2500754A56 /* DXMPAppDelegate.m */,
				3DAB206B17CBFB2500754A56 /* MainStoryboard.storyboard */,
				3D9E1E3D17ECBEA4000A372F /* AlbumViewController.h */,
				3D9E1E3E17ECBEA4000A372F /* AlbumViewController.m */,
				3DAB207517CBFB2500754A56 /* NowPlayingViewController.h */,
				3DAB207617CBFB2500754A56 /* NowPlayingViewController.m */,
				3DAB205A17CBFB2500754A56 /* Supporting Files */,
				3D19F8C117F2324700996699 /* SongView.h */,
				3D19F8C217F2324700996699 /* SongView.m */,
			);
			path = dxMusicPlayer;
			sourceTree = "<group>";
		};
		3DAB205A17CBFB2500754A56 /* Supporting Files */ = {
			isa = PBXGroup;
			children = (
				3DAB205B17CBFB2500754A56 /* dxMusicPlayer-Info.plist */,
				3DAB205C17CBFB2500754A56 /* InfoPlist.strings */,
				3DAB205F17CBFB2500754A56 /* main.m */,
				3DAB206117CBFB2500754A56 /* dxMusicPlayer-Prefix.pch */,
				3DAB206517CBFB2500754A56 /* Default.png */,
				3DAB206717CBFB2500754A56 /* Default@2x.png */,
				3DAB206917CBFB2500754A56 /* Default-568h@2x.png */,
			);
			name = "Supporting Files";
			sourceTree = "<group>";
		};
		3DAB208117CBFB5300754A56 /* model */ = {
			isa = PBXGroup;
			children = (
				3DAB208217CBFB6B00754A56 /* DXContent.h */,
				3DAB208317CBFB6B00754A56 /* DXContent.m */,
				3DAB208517CC077700754A56 /* DXSong.h */,
				3DAB208617CC077700754A56 /* DXSong.m */,
				3DAB208817CC079000754A56 /* DXAlbum.h */,
				3DAB208917CC079000754A56 /* DXAlbum.m */,
			);
			name = model;
			sourceTree = "<group>";
		};
/* End PBXGroup section */

/* Begin PBXNativeTarget section */
		3DAB204E17CBFB2500754A56 /* dxMusicPlayer */ = {
			isa = PBXNativeTarget;
			buildConfigurationList = 3DAB207E17CBFB2500754A56 /* Build configuration list for PBXNativeTarget "dxMusicPlayer" */;
			buildPhases = (
				3DAB204B17CBFB2500754A56 /* Sources */,
				3DAB204C17CBFB2500754A56 /* Frameworks */,
				3DAB204D17CBFB2500754A56 /* Resources */,
			);
			buildRules = (
			);
			dependencies = (
			);
			name = dxMusicPlayer;
			productName = dxMusicPlayer;
			productReference = 3DAB204F17CBFB2500754A56 /* dxMusicPlayer.app */;
			productType = "com.apple.product-type.application";
		};
/* End PBXNativeTarget section */

/* Begin PBXProject section */
		3DAB204617CBFB2500754A56 /* Project object */ = {
			isa = PBXProject;
			attributes = {
				CLASSPREFIX = DXMP;
				LastUpgradeCheck = 0500;
				ORGANIZATIONNAME = "Matt Hackmann";
			};
			buildConfigurationList = 3DAB204917CBFB2500754A56 /* Build configuration list for PBXProject "dxMusicPlayer" */;
			compatibilityVersion = "Xcode 3.2";
			developmentRegion = English;
			hasScannedForEncodings = 0;
			knownRegions = (
				en,
			);
			mainGroup = 3DAB204417CBFB2500754A56;
			productRefGroup = 3DAB205017CBFB2500754A56 /* Products */;
			projectDirPath = "";
			projectRoot = "";
			targets = (
				3DAB204E17CBFB2500754A56 /* dxMusicPlayer */,
			);
		};
/* End PBXProject section */

/* Begin PBXResourcesBuildPhase section */
		3DAB204D17CBFB2500754A56 /* Resources */ = {
			isa = PBXResourcesBuildPhase;
			buildActionMask = 2147483647;
			files = (
				3DAB205E17CBFB2500754A56 /* InfoPlist.strings in Resources */,
				3DAB206617CBFB2500754A56 /* Default.png in Resources */,
				3DAB206817CBFB2500754A56 /* Default@2x.png in Resources */,
				3DAB206A17CBFB2500754A56 /* Default-568h@2x.png in Resources */,
				3DAB206D17CBFB2500754A56 /* MainStoryboard.storyboard in Resources */,
				30D371E218092FAC0085D34C /* Default@2x.png in Resources */,
				30D371CD18051C2D0085D34C /* music.png in Resources */,
				30D371CE18051C2D0085D34C /* music@2x.png in Resources */,
				30D371CF18051C2D0085D34C /* play-alt.png in Resources */,
				30D371D018051C2D0085D34C /* play-alt@2x.png in Resources */,
				30D371DF18092EC90085D34C /* Default.png in Resources */,
			);
			runOnlyForDeploymentPostprocessing = 0;
		};
/* End PBXResourcesBuildPhase section */

/* Begin PBXSourcesBuildPhase section */
		3DAB204B17CBFB2500754A56 /* Sources */ = {
			isa = PBXSourcesBuildPhase;
			buildActionMask = 2147483647;
			files = (
				3DAB206017CBFB2500754A56 /* main.m in Sources */,
				3D9E1E3F17ECBEA4000A372F /* AlbumViewController.m in Sources */,
				3DAB206417CBFB2500754A56 /* DXMPAppDelegate.m in Sources */,
				3DAB207717CBFB2500754A56 /* NowPlayingViewController.m in Sources */,
				3DAB208417CBFB6B00754A56 /* DXContent.m in Sources */,
				3D19F8C317F2324700996699 /* SongView.m in Sources */,
				3D9E1E4217ECE73D000A372F /* DXDataManager.m in Sources */,
				30D371D3180524420085D34C /* DXPlaylistController.m in Sources */,
				30D371E61809CB290085D34C /* DXMediaLibrary.m in Sources */,
				3DAB208717CC077700754A56 /* DXSong.m in Sources */,
				3D4404D717FF7B4F00C419EF /* DXMediaPlayer.m in Sources */,
				3DAB208A17CC079000754A56 /* DXAlbum.m in Sources */,
			);
			runOnlyForDeploymentPostprocessing = 0;
		};
/* End PBXSourcesBuildPhase section */

/* Begin PBXVariantGroup section */
		3DAB205C17CBFB2500754A56 /* InfoPlist.strings */ = {
			isa = PBXVariantGroup;
			children = (
				3DAB205D17CBFB2500754A56 /* en */,
			);
			name = InfoPlist.strings;
			sourceTree = "<group>";
		};
		3DAB206B17CBFB2500754A56 /* MainStoryboard.storyboard */ = {
			isa = PBXVariantGroup;
			children = (
				3DAB206C17CBFB2500754A56 /* en */,
			);
			name = MainStoryboard.storyboard;
			sourceTree = "<group>";
		};
/* End PBXVariantGroup section */

/* Begin XCBuildConfiguration section */
		3DAB207C17CBFB2500754A56 /* Debug */ = {
			isa = XCBuildConfiguration;
			buildSettings = {
				ALWAYS_SEARCH_USER_PATHS = NO;
				CLANG_CXX_LANGUAGE_STANDARD = "gnu++0x";
				CLANG_CXX_LIBRARY = "libc++";
				CLANG_ENABLE_OBJC_ARC = YES;
				CLANG_WARN_EMPTY_BODY = YES;
				CLANG_WARN__DUPLICATE_METHOD_MATCH = YES;
				"CODE_SIGN_IDENTITY[sdk=iphoneos*]" = "iPhone Developer";
				COPY_PHASE_STRIP = NO;
				GCC_C_LANGUAGE_STANDARD = gnu99;
				GCC_DYNAMIC_NO_PIC = NO;
				GCC_OPTIMIZATION_LEVEL = 0;
				GCC_PREPROCESSOR_DEFINITIONS = (
					"DEBUG=1",
					"$(inherited)",
				);
				GCC_SYMBOLS_PRIVATE_EXTERN = NO;
				GCC_WARN_ABOUT_RETURN_TYPE = YES;
				GCC_WARN_UNINITIALIZED_AUTOS = YES;
				GCC_WARN_UNUSED_VARIABLE = YES;
				IPHONEOS_DEPLOYMENT_TARGET = 6.0;
				ONLY_ACTIVE_ARCH = YES;
				SDKROOT = iphoneos;
			};
			name = Debug;
		};
		3DAB207D17CBFB2500754A56 /* Release */ = {
			isa = XCBuildConfiguration;
			buildSettings = {
				ALWAYS_SEARCH_USER_PATHS = NO;
				CLANG_CXX_LANGUAGE_STANDARD = "gnu++0x";
				CLANG_CXX_LIBRARY = "libc++";
				CLANG_ENABLE_OBJC_ARC = YES;
				CLANG_WARN_EMPTY_BODY = YES;
				CLANG_WARN__DUPLICATE_METHOD_MATCH = YES;
				"CODE_SIGN_IDENTITY[sdk=iphoneos*]" = "iPhone Developer";
				COPY_PHASE_STRIP = YES;
				GCC_C_LANGUAGE_STANDARD = gnu99;
				GCC_WARN_ABOUT_RETURN_TYPE = YES;
				GCC_WARN_UNINITIALIZED_AUTOS = YES;
				GCC_WARN_UNUSED_VARIABLE = YES;
				IPHONEOS_DEPLOYMENT_TARGET = 6.0;
				OTHER_CFLAGS = "-DNS_BLOCK_ASSERTIONS=1";
				SDKROOT = iphoneos;
				VALIDATE_PRODUCT = YES;
			};
			name = Release;
		};
		3DAB207F17CBFB2500754A56 /* Debug */ = {
			isa = XCBuildConfiguration;
			buildSettings = {
				GCC_PRECOMPILE_PREFIX_HEADER = YES;
				GCC_PREFIX_HEADER = "dxMusicPlayer/dxMusicPlayer-Prefix.pch";
				INFOPLIST_FILE = "dxMusicPlayer/dxMusicPlayer-Info.plist";
				PRODUCT_NAME = "$(TARGET_NAME)";
				WRAPPER_EXTENSION = app;
			};
			name = Debug;
		};
		3DAB208017CBFB2500754A56 /* Release */ = {
			isa = XCBuildConfiguration;
			buildSettings = {
				GCC_PRECOMPILE_PREFIX_HEADER = YES;
				GCC_PREFIX_HEADER = "dxMusicPlayer/dxMusicPlayer-Prefix.pch";
				INFOPLIST_FILE = "dxMusicPlayer/dxMusicPlayer-Info.plist";
				PRODUCT_NAME = "$(TARGET_NAME)";
				WRAPPER_EXTENSION = app;
			};
			name = Release;
		};
/* End XCBuildConfiguration section */

/* Begin XCConfigurationList section */
		3DAB204917CBFB2500754A56 /* Build configuration list for PBXProject "dxMusicPlayer" */ = {
			isa = XCConfigurationList;
			buildConfigurations = (
				3DAB207C17CBFB2500754A56 /* Debug */,
				3DAB207D17CBFB2500754A56 /* Release */,
			);
			defaultConfigurationIsVisible = 0;
			defaultConfigurationName = Release;
		};
		3DAB207E17CBFB2500754A56 /* Build configuration list for PBXNativeTarget "dxMusicPlayer" */ = {
			isa = XCConfigurationList;
			buildConfigurations = (
				3DAB207F17CBFB2500754A56 /* Debug */,
				3DAB208017CBFB2500754A56 /* Release */,
			);
			defaultConfigurationIsVisible = 0;
			defaultConfigurationName = Release;
		};
/* End XCConfigurationList section */
	};
	rootObject = 3DAB204617CBFB2500754A56 /* Project object */;
}
